
Microsoft Visual Studio Solution File, Format Version 12.00
# Visual Studio Version 16
VisualStudioVersion = 16.0.29424.173
MinimumVisualStudioVersion = 10.0.40219.1
Project("{FAE04EC0-301F-11D3-BF4B-00C04F79EFBC}") = "tree", "tree\tree.csproj", "{8BBD2BBD-BB74-48C4-85A4-8F0FA75086BE}"
EndProject
Global
	GlobalSection(SolutionConfigurationPlatforms) = preSolution
		Debug|Any CPU = Debug|Any CPU
		Release|Any CPU = Release|Any CPU
	EndGlobalSection
	GlobalSection(ProjectConfigurationPlatforms) = postSolution
		{8BBD2BBD-BB74-48C4-85A4-8F0FA75086BE}.Debug|Any CPU.ActiveCfg = Debug|Any CPU
		{8BBD2BBD-BB74-48C4-85A4-8F0FA75086BE}.Debug|Any CPU.Build.0 = Debug|Any CPU
		{8BBD2BBD-BB74-48C4-85A4-8F0FA75086BE}.Release|Any CPU.ActiveCfg = Release|Any CPU
		{8BBD2BBD-BB74-48C4-85A4-8F0FA75086BE}.Release|Any CPU.Build.0 = Release|Any CPU
	EndGlobalSection
	GlobalSection(SolutionProperties) = preSolution
		HideSolutionNode = FALSE
	EndGlobalSection
	GlobalSection(ExtensibilityGlobals) = postSolution
		SolutionGuid = {415E4B95-EF43-4229-B6EB-557458DA5774}
	EndGlobalSection
EndGlobal
